
Microsoft Visual Studio Solution File, Format Version 12.00
# Visual Studio Version 17
VisualStudioVersion = 17.14.36221.1 d17.14
MinimumVisualStudioVersion = 10.0.40219.1
Project("{FAE04EC0-301F-11D3-BF4B-00C04F79EFBC}") = "SOPP", "SOPP\SOPP.csproj", "{9DE05F17-CAE8-4C9E-AA16-D385129E9387}"
EndProject
Project("{FAE04EC0-301F-11D3-BF4B-00C04F79EFBC}") = "SOPP.Library", "SOPP.Library\SOPP.Library.csproj", "{8BDBF103-CC4F-4E9D-8B9A-9EA94E372224}"
EndProject
Global
	GlobalSection(SolutionConfigurationPlatforms) = preSolution
		Debug|Any CPU = Debug|Any CPU
		Release|Any CPU = Release|Any CPU
	EndGlobalSection
	GlobalSection(ProjectConfigurationPlatforms) = postSolution
		{9DE05F17-CAE8-4C9E-AA16-D385129E9387}.Debug|Any CPU.ActiveCfg = Debug|Any CPU
		{9DE05F17-CAE8-4C9E-AA16-D385129E9387}.Debug|Any CPU.Build.0 = Debug|Any CPU
		{9DE05F17-CAE8-4C9E-AA16-D385129E9387}.Release|Any CPU.ActiveCfg = Release|Any CPU
		{9DE05F17-CAE8-4C9E-AA16-D385129E9387}.Release|Any CPU.Build.0 = Release|Any CPU
		{8BDBF103-CC4F-4E9D-8B9A-9EA94E372224}.Debug|Any CPU.ActiveCfg = Debug|Any CPU
		{8BDBF103-CC4F-4E9D-8B9A-9EA94E372224}.Debug|Any CPU.Build.0 = Debug|Any CPU
		{8BDBF103-CC4F-4E9D-8B9A-9EA94E372224}.Release|Any CPU.ActiveCfg = Release|Any CPU
		{8BDBF103-CC4F-4E9D-8B9A-9EA94E372224}.Release|Any CPU.Build.0 = Release|Any CPU
	EndGlobalSection
	GlobalSection(SolutionProperties) = preSolution
		HideSolutionNode = FALSE
	EndGlobalSection
	GlobalSection(ExtensibilityGlobals) = postSolution
		SolutionGuid = {67620090-ADB4-4F54-A6FD-B1406C390FFE}
	EndGlobalSection
EndGlobal
